<?xml version="1.0" encoding="utf-8"?>
<Project ToolsVersion="4.0" xmlns="http://schemas.microsoft.com/developer/msbuild/2003">
  <ItemGroup>
    <Filter Include="Source Files">
      <UniqueIdentifier>{4FC737F1-C7A5-4376-A066-2A32D752A2FF}</UniqueIdentifier>
      <Extensions>cpp;c;cc;cxx;c++;cppm;ixx;def;odl;idl;hpj;bat;asm;asmx</Extensions>
    </Filter>
    <Filter Include="Header Files">
      <UniqueIdentifier>{93995380-89BD-4b04-88EB-625FBE52EBFB}</UniqueIdentifier>
      <Extensions>h;hh;hpp;hxx;h++;hm;inl;inc;ipp;xsd</Extensions>
    </Filter>
    <Filter Include="Resource Files">
      <UniqueIdentifier>{67DA6AB6-F800-4c08-8B7A-83BB121AAD01}</UniqueIdentifier>
      <Extensions>rc;ico;cur;bmp;dlg;rc2;rct;bin;rgs;gif;jpg;jpeg;jpe;resx;tiff;tif;png;wav;mfcribbon-ms</Extensions>
    </Filter>
    <Filter Include="Components">
      <UniqueIdentifier>{61e7b7fc-c3dc-4d94-b407-c38f2b87c794}</UniqueIdentifier>
    </Filter>
    <Filter Include="Commands">
      <UniqueIdentifier>{131be143-d2c6-436c-b55d-838cdfd4776f}</UniqueIdentifier>
    </Filter>
  </ItemGroup>
  <ItemGroup>
    <ClCompile Include="FpsComponent.cpp">
      <Filter>Components</Filter>
    </ClCompile>
    <ClCompile Include="LivesComponent.cpp">
      <Filter>Components</Filter>
    </ClCompile>
    <ClCompile Include="LivesTextComponent.cpp">
      <Filter>Components</Filter>
    </ClCompile>
    <ClCompile Include="MovementComponent.cpp">
      <Filter>Components</Filter>
    </ClCompile>
    <ClCompile Include="RotatingMovingPointComponent.cpp">
      <Filter>Components</Filter>
    </ClCompile>
    <ClCompile Include="ScoreComponent.cpp">
      <Filter>Components</Filter>
    </ClCompile>
    <ClCompile Include="ScoreTextComponent.cpp">
      <Filter>Components</Filter>
    </ClCompile>
    <ClCompile Include="GainPointsCommand.cpp">
      <Filter>Commands</Filter>
    </ClCompile>
    <ClCompile Include="MovementCommand.cpp">
      <Filter>Commands</Filter>
    </ClCompile>
    <ClCompile Include="LoseLiveCommand.cpp">
      <Filter>Commands</Filter>
    </ClCompile>
    <ClCompile Include="Achievements.cpp">
      <Filter>Commands</Filter>
    </ClCompile>
    <ClCompile Include="GridComponent.cpp">
      <Filter>Components</Filter>
    </ClCompile>
    <ClCompile Include="SpawnBombCommand.cpp">
      <Filter>Commands</Filter>
    </ClCompile>
    <ClCompile Include="BombComponent.cpp">
      <Filter>Components</Filter>
    </ClCompile>
    <ClCompile Include="PlayerSpriteComponent.cpp">
      <Filter>Components</Filter>
    </ClCompile>
    <ClCompile Include="StartGameCommand.cpp">
      <Filter>Commands</Filter>
    </ClCompile>
    <ClCompile Include="EnemyMovementComponent.cpp">
      <Filter>Components</Filter>
    </ClCompile>
    <ClCompile Include="PlayerCollider.cpp">
      <Filter>Components</Filter>
    </ClCompile>
    <ClCompile Include="BomberMan.cpp">
      <Filter>Source Files</Filter>
    </ClCompile>
    <ClCompile Include="GameManager.cpp">
      <Filter>Source Files</Filter>
    </ClCompile>
    <ClCompile Include="LoadingScreenComponent.cpp">
      <Filter>Components</Filter>
    </ClCompile>
    <ClCompile Include="ButtonsCommand.cpp">
      <Filter>Commands</Filter>
    </ClCompile>
    <ClCompile Include="ButtonsComponent.cpp">
      <Filter>Components</Filter>
    </ClCompile>
    <ClCompile Include="OnScreenKeyboardComponent.cpp">
      <Filter>Components</Filter>
    </ClCompile>
    <ClCompile Include="NameTextComponent.cpp">
      <Filter>Components</Filter>
    </ClCompile>
    <ClCompile Include="OnScreenKeyboardCommand.cpp">
      <Filter>Commands</Filter>
    </ClCompile>
    <ClCompile Include="PressScreenKeyboardCommand.cpp">
      <Filter>Commands</Filter>
    </ClCompile>
    <ClCompile Include="LevelLoader.cpp">
      <Filter>Source Files</Filter>
    </ClCompile>
  </ItemGroup>
  <ItemGroup>
    <ClInclude Include="FpsComponent.h">
      <Filter>Components</Filter>
    </ClInclude>
    <ClInclude Include="LivesComponent.h">
      <Filter>Components</Filter>
    </ClInclude>
    <ClInclude Include="LivesTextComponent.h">
      <Filter>Components</Filter>
    </ClInclude>
    <ClInclude Include="MovementComponent.h">
      <Filter>Components</Filter>
    </ClInclude>
    <ClInclude Include="RotatingMovingPointComponent.h">
      <Filter>Components</Filter>
    </ClInclude>
    <ClInclude Include="ScoreComponent.h">
      <Filter>Components</Filter>
    </ClInclude>
    <ClInclude Include="ScoreTextComponent.h">
      <Filter>Components</Filter>
    </ClInclude>
    <ClInclude Include="MovementCommand.h">
      <Filter>Commands</Filter>
    </ClInclude>
    <ClInclude Include="LoseLiveCommand.h">
      <Filter>Commands</Filter>
    </ClInclude>
    <ClInclude Include="GainPointsCommand.h">
      <Filter>Commands</Filter>
    </ClInclude>
    <ClInclude Include="Achievements.h">
      <Filter>Commands</Filter>
    </ClInclude>
    <ClInclude Include="GridComponent.h">
      <Filter>Components</Filter>
    </ClInclude>
    <ClInclude Include="SpawnBombCommand.h">
      <Filter>Commands</Filter>
    </ClInclude>
    <ClInclude Include="BombComponent.h">
      <Filter>Components</Filter>
    </ClInclude>
    <ClInclude Include="PlayerSpriteComponent.h">
      <Filter>Components</Filter>
    </ClInclude>
    <ClInclude Include="StartGameCommand.h">
      <Filter>Commands</Filter>
    </ClInclude>
    <ClInclude Include="EnemyMovementComponent.h">
      <Filter>Components</Filter>
    </ClInclude>
    <ClInclude Include="PlayerCollider.h">
      <Filter>Components</Filter>
    </ClInclude>
    <ClInclude Include="GameManager.h">
      <Filter>Header Files</Filter>
    </ClInclude>
    <ClInclude Include="LoadingScreenComponent.h">
      <Filter>Components</Filter>
    </ClInclude>
    <ClInclude Include="ButtonsCommand.h">
      <Filter>Commands</Filter>
    </ClInclude>
    <ClInclude Include="ButtonsComponent.h">
      <Filter>Components</Filter>
    </ClInclude>
    <ClInclude Include="OnScreenKeyboardComponent.h">
      <Filter>Components</Filter>
    </ClInclude>
    <ClInclude Include="NameTextComponent.h">
      <Filter>Components</Filter>
    </ClInclude>
    <ClInclude Include="OnScreenKeyboardCommand.h">
      <Filter>Commands</Filter>
    </ClInclude>
    <ClInclude Include="PressScreenKeyboardCommand.h">
      <Filter>Commands</Filter>
    </ClInclude>
    <ClInclude Include="LevelLoader.h">
      <Filter>Header Files</Filter>
    </ClInclude>
  </ItemGroup>
</Project>